# This file is automatically @generated by Cargo.
# It is not intended for manual editing.
version = 4

[[package]]
name = "bitflags"
version = "1.3.2"
source = "registry+https://github.com/rust-lang/crates.io-index"
checksum = "bef38d45163c2f1dde094a7dfd33ccf595c92905c8f8f4fdc18d06fb1037718a"

[[package]]
name = "block-buffer"
version = "0.10.4"
source = "registry+https://github.com/rust-lang/crates.io-index"
checksum = "3078c7629b62d3f0439517fa394996acacc5cbc91c5a20d8c658e77abd503a71"
dependencies = [
 "generic-array",
]

[[package]]
name = "byteorder"
version = "1.5.0"
source = "registry+https://github.com/rust-lang/crates.io-index"
checksum = "1fd0f2584146f6f2ef48085050886acf353beff7305ebd1ae69500e27c67f64b"

[[package]]
name = "cpufeatures"
version = "0.2.17"
source = "registry+https://github.com/rust-lang/crates.io-index"
checksum = "59ed5838eebb26a2bb2e58f6d5b5316989ae9d08bab10e0e6d103e656d1b0280"
dependencies = [
 "libc",
]

[[package]]
name = "crunchy"
version = "0.2.4"
source = "registry+https://github.com/rust-lang/crates.io-index"
checksum = "460fbee9c2c2f33933d720630a6a0bac33ba7053db5344fac858d4b8952d77d5"

[[package]]
name = "crypto-common"
version = "0.1.7"
source = "registry+https://github.com/rust-lang/crates.io-index"
checksum = "78c8292055d1c1df0cce5d180393dc8cce0abec0a7102adb6c7b1eef6016d60a"
dependencies = [
 "generic-array",
 "typenum",
]

[[package]]
name = "digest"
version = "0.10.7"
source = "registry+https://github.com/rust-lang/crates.io-index"
checksum = "9ed9a281f7bc9b7576e61468ba615a66a5c8cfdff42420a70aa82701a3b1e292"
dependencies = [
 "block-buffer",
 "crypto-common",
]

[[package]]
name = "ethabi"
version = "18.0.0"
source = "registry+https://github.com/rust-lang/crates.io-index"
checksum = "7413c5f74cc903ea37386a8965a936cbeb334bd270862fdece542c1b2dcbc898"
dependencies = [
 "ethereum-types",
 "hex",
 "sha3",
]

[[package]]
name = "ethereum-types"
version = "0.14.1"
source = "registry+https://github.com/rust-lang/crates.io-index"
checksum = "02d215cbf040552efcbe99a38372fe80ab9d00268e20012b79fcd0f073edd8ee"
dependencies = [
 "fixed-hash",
 "primitive-types",
 "uint",
]

[[package]]
name = "fixed-hash"
version = "0.8.0"
source = "registry+https://github.com/rust-lang/crates.io-index"
checksum = "835c052cb0c08c1acf6ffd71c022172e18723949c8282f2b9f27efbc51e64534"
dependencies = [
 "byteorder",
 "rustc-hex",
 "static_assertions",
]

[[package]]
name = "generic-array"
version = "0.14.7"
source = "registry+https://github.com/rust-lang/crates.io-index"
checksum = "85649ca51fd72272d7821adaf274ad91c288277713d9c18820d8499a7ff69e9a"
dependencies = [
 "typenum",
 "version_check",
]

[[package]]
name = "hex"
version = "0.4.3"
source = "registry+https://github.com/rust-lang/crates.io-index"
checksum = "7f24254aa9a54b5c858eaee2f5bccdb46aaf0e486a595ed5fd8f86ba55232a70"

[[package]]
name = "honk-verifier-polkavm"
version = "0.1.0"
dependencies = [
 "ethabi",
 "pallet-revive-uapi",
 "polkavm-derive 0.25.0",
 "simplealloc",
 "tiny-keccak",
]

[[package]]
name = "keccak"
version = "0.1.6"
source = "registry+https://github.com/rust-lang/crates.io-index"
checksum = "cb26cec98cce3a3d96cbb7bced3c4b16e3d13f27ec56dbd62cbc8f39cfb9d653"
dependencies = [
 "cpufeatures",
]

[[package]]
name = "libc"
version = "0.2.185"
source = "registry+https://github.com/rust-lang/crates.io-index"
checksum = "52ff2c0fe9bc6cb6b14a0592c2ff4fa9ceb83eea9db979b0487cd054946a2b8f"

[[package]]
name = "pallet-revive-proc-macro"
version = "0.1.0"
source = "git+https://github.com/paritytech/polkadot-sdk.git?rev=b7b7f0c50f6ce8bad7a7a3a10139e53714740b4e#b7b7f0c50f6ce8bad7a7a3a10139e53714740b4e"
dependencies = [
 "proc-macro2",
 "quote",
 "syn",
]

[[package]]
name = "pallet-revive-uapi"
version = "0.1.0"
source = "git+https://github.com/paritytech/polkadot-sdk.git?rev=b7b7f0c50f6ce8bad7a7a3a10139e53714740b4e#b7b7f0c50f6ce8bad7a7a3a10139e53714740b4e"
dependencies = [
 "bitflags",
 "pallet-revive-proc-macro",
 "polkavm-derive 0.27.0",
]

[[package]]
name = "polkavm-common"
version = "0.25.0"
source = "registry+https://github.com/rust-lang/crates.io-index"
checksum = "28732f89f1e730d908fd816db50ee2afcb8368345ded9f9bc78fbd710db7a4be"

[[package]]
name = "polkavm-common"
version = "0.27.0"
source = "registry+https://github.com/rust-lang/crates.io-index"
checksum = "a19805789e7bf778ac5855f6fe9350353f6a1697c2aab9bfb6fc7c831be54fad"

[[package]]
name = "polkavm-derive"
version = "0.25.0"
source = "registry+https://github.com/rust-lang/crates.io-index"
checksum = "b5de33a198ef311b3ceb8de476515fbb92b4d2ed56feb23499b0875d0e6a8ce6"
dependencies = [
 "polkavm-derive-impl-macro 0.25.0",
]

[[package]]
name = "polkavm-derive"
version = "0.27.0"
source = "registry+https://github.com/rust-lang/crates.io-index"
checksum = "4eea46a17d87cbf3c0f3f6156f6300f60cec67cf9eaca296c770e0873f8389d6"
dependencies = [
 "polkavm-derive-impl-macro 0.27.0",
]

[[package]]
name = "polkavm-derive-impl"
version = "0.25.0"
source = "registry+https://github.com/rust-lang/crates.io-index"
checksum = "dff180bfd5add755ae54197babc79cd6efc3c3d01a5ded643b1ab37a9932deb2"
dependencies = [
 "polkavm-common 0.25.0",
 "proc-macro2",
 "quote",
 "syn",
]

[[package]]
name = "polkavm-derive-impl"
version = "0.27.0"
source = "registry+https://github.com/rust-lang/crates.io-index"
checksum = "8abdd1210d96b1dda9ac21199ec469448fd628cea102e2ff0e0df1667c4c3b5f"
dependencies = [
 "polkavm-common 0.27.0",
 "proc-macro2",
 "quote",
 "syn",
]

[[package]]
name = "polkavm-derive-impl-macro"
version = "0.25.0"
source = "registry+https://github.com/rust-lang/crates.io-index"
checksum = "0105f050c7bce74fa4327a3e8e5c8a6368e39a7c93c5e8e99b33df90c097c859"
dependencies = [
 "polkavm-derive-impl 0.25.0",
 "syn",
]

[[package]]
name = "polkavm-derive-impl-macro"
version = "0.27.0"
source = "registry+https://github.com/rust-lang/crates.io-index"
checksum = "8a45173d70138aa1879892c50777ed0d8b0c8556f7678372f09fa1d89bbbddb4"
dependencies = [
 "polkavm-derive-impl 0.27.0",
 "syn",
]

[[package]]
name = "primitive-types"
version = "0.12.2"
source = "registry+https://github.com/rust-lang/crates.io-index"
checksum = "0b34d9fd68ae0b74a41b21c03c2f62847aa0ffea044eee893b4c140b37e244e2"
dependencies = [
 "fixed-hash",
 "uint",
]

[[package]]
name = "proc-macro2"
version = "1.0.106"
source = "registry+https://github.com/rust-lang/crates.io-index"
checksum = "8fd00f0bb2e90d81d1044c2b32617f68fcb9fa3bb7640c23e9c748e53fb30934"
dependencies = [
 "unicode-ident",
]

[[package]]
name = "quote"
version = "1.0.45"
source = "registry+https://github.com/rust-lang/crates.io-index"
checksum = "41f2619966050689382d2b44f664f4bc593e129785a36d6ee376ddf37259b924"
dependencies = [
 "proc-macro2",
]

[[package]]
name = "rustc-hex"
version = "2.1.0"
source = "registry+https://github.com/rust-lang/crates.io-index"
checksum = "3e75f6a532d0fd9f7f13144f392b6ad56a32696bfcd9c78f797f16bbb6f072d6"

[[package]]
name = "sha3"
version = "0.10.9"
source = "registry+https://github.com/rust-lang/crates.io-index"
checksum = "77fd7028345d415a4034cf8777cd4f8ab1851274233b45f84e3d955502d93874"
dependencies = [
 "digest",
 "keccak",
]

[[package]]
name = "simplealloc"
version = "0.0.1"
source = "git+https://github.com/paritytech/polkavm.git?rev=ff37df6bf75201ef9e5f535762d267d7990c96d2#ff37df6bf75201ef9e5f535762d267d7990c96d2"

[[package]]
name = "static_assertions"
version = "1.1.0"
source = "registry+https://github.com/rust-lang/crates.io-index"
checksum = "a2eb9349b6444b326872e140eb1cf5e7c522154d69e7a0ffb0fb81c06b37543f"

[[package]]
name = "syn"
version = "2.0.117"
source = "registry+https://github.com/rust-lang/crates.io-index"
checksum = "e665b8803e7b1d2a727f4023456bbbbe74da67099c585258af0ad9c5013b9b99"
dependencies = [
 "proc-macro2",
 "quote",
 "unicode-ident",
]

[[package]]
name = "tiny-keccak"
version = "2.0.2"
source = "registry+https://github.com/rust-lang/crates.io-index"
checksum = "2c9d3793400a45f954c52e73d068316d76b6f4e36977e3fcebb13a2721e80237"
dependencies = [
 "crunchy",
]

[[package]]
name = "typenum"
version = "1.20.0"
source = "registry+https://github.com/rust-lang/crates.io-index"
checksum = "40ce102ab67701b8526c123c1bab5cbe42d7040ccfd0f64af1a385808d2f43de"

[[package]]
name = "uint"
version = "0.9.5"
source = "registry+https://github.com/rust-lang/crates.io-index"
checksum = "76f64bba2c53b04fcab63c01a7d7427eadc821e3bc48c34dc9ba29c501164b52"
dependencies = [
 "byteorder",
 "crunchy",
 "hex",
 "static_assertions",
]

[[package]]
name = "unicode-ident"
version = "1.0.24"
source = "registry+https://github.com/rust-lang/crates.io-index"
checksum = "e6e4313cd5fcd3dad5cafa179702e2b244f760991f45397d14d4ebf38247da75"

[[package]]
name = "version_check"
version = "0.9.5"
source = "registry+https://github.com/rust-lang/crates.io-index"
checksum = "0b928f33d975fc6ad9f86c8f283853ad26bdd5b10b7f1542aa2fa15e2289105a"
