# This file is automatically @generated by Cargo.
# It is not intended for manual editing.
version = 4

[[package]]
name = "bitflags"
version = "1.3.2"
source = "registry+https://github.com/rust-lang/crates.io-index"
checksum = "bef38d45163c2f1dde094a7dfd33ccf595c92905c8f8f4fdc18d06fb1037718a"

[[package]]
name = "pallet-revive-proc-macro"
version = "0.1.0"
source = "git+https://github.com/paritytech/polkadot-sdk.git?rev=b7b7f0c50f6ce8bad7a7a3a10139e53714740b4e#b7b7f0c50f6ce8bad7a7a3a10139e53714740b4e"
dependencies = [
 "proc-macro2",
 "quote",
 "syn",
]

[[package]]
name = "pallet-revive-uapi"
version = "0.1.0"
source = "git+https://github.com/paritytech/polkadot-sdk.git?rev=b7b7f0c50f6ce8bad7a7a3a10139e53714740b4e#b7b7f0c50f6ce8bad7a7a3a10139e53714740b4e"
dependencies = [
 "bitflags",
 "pallet-revive-proc-macro",
 "polkavm-derive 0.27.0",
]

[[package]]
name = "polkavm-common"
version = "0.25.0"
source = "registry+https://github.com/rust-lang/crates.io-index"
checksum = "28732f89f1e730d908fd816db50ee2afcb8368345ded9f9bc78fbd710db7a4be"

[[package]]
name = "polkavm-common"
version = "0.27.0"
source = "registry+https://github.com/rust-lang/crates.io-index"
checksum = "a19805789e7bf778ac5855f6fe9350353f6a1697c2aab9bfb6fc7c831be54fad"

[[package]]
name = "polkavm-derive"
version = "0.25.0"
source = "registry+https://github.com/rust-lang/crates.io-index"
checksum = "b5de33a198ef311b3ceb8de476515fbb92b4d2ed56feb23499b0875d0e6a8ce6"
dependencies = [
 "polkavm-derive-impl-macro 0.25.0",
]

[[package]]
name = "polkavm-derive"
version = "0.27.0"
source = "registry+https://github.com/rust-lang/crates.io-index"
checksum = "4eea46a17d87cbf3c0f3f6156f6300f60cec67cf9eaca296c770e0873f8389d6"
dependencies = [
 "polkavm-derive-impl-macro 0.27.0",
]

[[package]]
name = "polkavm-derive-impl"
version = "0.25.0"
source = "registry+https://github.com/rust-lang/crates.io-index"
checksum = "dff180bfd5add755ae54197babc79cd6efc3c3d01a5ded643b1ab37a9932deb2"
dependencies = [
 "polkavm-common 0.25.0",
 "proc-macro2",
 "quote",
 "syn",
]

[[package]]
name = "polkavm-derive-impl"
version = "0.27.0"
source = "registry+https://github.com/rust-lang/crates.io-index"
checksum = "8abdd1210d96b1dda9ac21199ec469448fd628cea102e2ff0e0df1667c4c3b5f"
dependencies = [
 "polkavm-common 0.27.0",
 "proc-macro2",
 "quote",
 "syn",
]

[[package]]
name = "polkavm-derive-impl-macro"
version = "0.25.0"
source = "registry+https://github.com/rust-lang/crates.io-index"
checksum = "0105f050c7bce74fa4327a3e8e5c8a6368e39a7c93c5e8e99b33df90c097c859"
dependencies = [
 "polkavm-derive-impl 0.25.0",
 "syn",
]

[[package]]
name = "polkavm-derive-impl-macro"
version = "0.27.0"
source = "registry+https://github.com/rust-lang/crates.io-index"
checksum = "8a45173d70138aa1879892c50777ed0d8b0c8556f7678372f09fa1d89bbbddb4"
dependencies = [
 "polkavm-derive-impl 0.27.0",
 "syn",
]

[[package]]
name = "precompile-test"
version = "0.1.0"
dependencies = [
 "pallet-revive-uapi",
 "polkavm-derive 0.25.0",
 "simplealloc",
]

[[package]]
name = "proc-macro2"
version = "1.0.106"
source = "registry+https://github.com/rust-lang/crates.io-index"
checksum = "8fd00f0bb2e90d81d1044c2b32617f68fcb9fa3bb7640c23e9c748e53fb30934"
dependencies = [
 "unicode-ident",
]

[[package]]
name = "quote"
version = "1.0.45"
source = "registry+https://github.com/rust-lang/crates.io-index"
checksum = "41f2619966050689382d2b44f664f4bc593e129785a36d6ee376ddf37259b924"
dependencies = [
 "proc-macro2",
]

[[package]]
name = "simplealloc"
version = "0.0.1"
source = "git+https://github.com/paritytech/polkavm.git?rev=ff37df6bf75201ef9e5f535762d267d7990c96d2#ff37df6bf75201ef9e5f535762d267d7990c96d2"

[[package]]
name = "syn"
version = "2.0.117"
source = "registry+https://github.com/rust-lang/crates.io-index"
checksum = "e665b8803e7b1d2a727f4023456bbbbe74da67099c585258af0ad9c5013b9b99"
dependencies = [
 "proc-macro2",
 "quote",
 "unicode-ident",
]

[[package]]
name = "unicode-ident"
version = "1.0.24"
source = "registry+https://github.com/rust-lang/crates.io-index"
checksum = "e6e4313cd5fcd3dad5cafa179702e2b244f760991f45397d14d4ebf38247da75"
