# This file is automatically @generated by Cargo.
# It is not intended for manual editing.
version = 4

[[package]]
name = "bitflags"
version = "1.3.2"
source = "registry+https://github.com/rust-lang/crates.io-index"
checksum = "bef38d45163c2f1dde094a7dfd33ccf595c92905c8f8f4fdc18d06fb1037718a"

[[package]]
name = "const-crypto"
version = "0.3.0"
source = "registry+https://github.com/rust-lang/crates.io-index"
checksum = "1c06f1eb05f06cf2e380fdded278fbf056a38974299d77960555a311dcf91a52"
dependencies = [
 "keccak-const",
 "sha2-const-stable",
]

[[package]]
name = "crunchy"
version = "0.2.4"
source = "registry+https://github.com/rust-lang/crates.io-index"
checksum = "460fbee9c2c2f33933d720630a6a0bac33ba7053db5344fac858d4b8952d77d5"

[[package]]
name = "hex-literal"
version = "0.4.1"
source = "registry+https://github.com/rust-lang/crates.io-index"
checksum = "6fe2267d4ed49bc07b63801559be28c718ea06c4738b7a03c94df7386d2cde46"

[[package]]
name = "honk-verifier"
version = "0.1.0"
dependencies = [
 "pallet-revive-uapi",
 "picoalloc",
 "polkavm-derive",
 "tiny-keccak",
]

[[package]]
name = "keccak-const"
version = "0.2.0"
source = "registry+https://github.com/rust-lang/crates.io-index"
checksum = "57d8d8ce877200136358e0bbff3a77965875db3af755a11e1fa6b1b3e2df13ea"

[[package]]
name = "pallet-revive-proc-macro"
version = "0.7.2"
source = "registry+https://github.com/rust-lang/crates.io-index"
checksum = "54d78626aaf92f2c5bd0e25f97a16815753e8e2e3328677986564b4155db7667"
dependencies = [
 "proc-macro2",
 "quote",
 "syn",
]

[[package]]
name = "pallet-revive-uapi"
version = "0.10.1"
source = "registry+https://github.com/rust-lang/crates.io-index"
checksum = "2000264018fdde239d46e9dbdcf881f633eeca2341c713b181380db59319aa3a"
dependencies = [
 "bitflags",
 "const-crypto",
 "hex-literal",
 "pallet-revive-proc-macro",
 "polkavm-derive",
]

[[package]]
name = "picoalloc"
version = "5.2.0"
source = "registry+https://github.com/rust-lang/crates.io-index"
checksum = "6e1912f9b1d3aea43590e3986afdcf4ed1d9662edae24744a095738157d65b6a"

[[package]]
name = "picosimd"
version = "0.9.3"
source = "registry+https://github.com/rust-lang/crates.io-index"
checksum = "3f8cf1ae70818c6476eb2da0ac8f3f55ecdea41a7aa16824ea6efc4a31cccf41"

[[package]]
name = "polkavm-common"
version = "0.30.0"
source = "registry+https://github.com/rust-lang/crates.io-index"
checksum = "ed1b408db93d4f49f5c651a7844682b9d7a561827b4dc6202c10356076c055c9"
dependencies = [
 "picosimd",
]

[[package]]
name = "polkavm-derive"
version = "0.30.0"
source = "registry+https://github.com/rust-lang/crates.io-index"
checksum = "acb4463fb0b9dbfafdc1d1a1183df4bf7afa3350d124f29d5700c6bee54556b5"
dependencies = [
 "polkavm-derive-impl-macro",
]

[[package]]
name = "polkavm-derive-impl"
version = "0.30.0"
source = "registry+https://github.com/rust-lang/crates.io-index"
checksum = "993ff45b972e09babe68adce7062c3c38a84b9f50f07b7caf393a023eaa6c74a"
dependencies = [
 "polkavm-common",
 "proc-macro2",
 "quote",
 "syn",
]

[[package]]
name = "polkavm-derive-impl-macro"
version = "0.30.0"
source = "registry+https://github.com/rust-lang/crates.io-index"
checksum = "0a4f5352e13c1ca5f0e4d7b4a804fbb85b0e02c45cae435d101fe71081bc8ed8"
dependencies = [
 "polkavm-derive-impl",
 "syn",
]

[[package]]
name = "proc-macro2"
version = "1.0.106"
source = "registry+https://github.com/rust-lang/crates.io-index"
checksum = "8fd00f0bb2e90d81d1044c2b32617f68fcb9fa3bb7640c23e9c748e53fb30934"
dependencies = [
 "unicode-ident",
]

[[package]]
name = "quote"
version = "1.0.45"
source = "registry+https://github.com/rust-lang/crates.io-index"
checksum = "41f2619966050689382d2b44f664f4bc593e129785a36d6ee376ddf37259b924"
dependencies = [
 "proc-macro2",
]

[[package]]
name = "sha2-const-stable"
version = "0.1.0"
source = "registry+https://github.com/rust-lang/crates.io-index"
checksum = "5f179d4e11094a893b82fff208f74d448a7512f99f5a0acbd5c679b705f83ed9"

[[package]]
name = "syn"
version = "2.0.117"
source = "registry+https://github.com/rust-lang/crates.io-index"
checksum = "e665b8803e7b1d2a727f4023456bbbbe74da67099c585258af0ad9c5013b9b99"
dependencies = [
 "proc-macro2",
 "quote",
 "unicode-ident",
]

[[package]]
name = "tiny-keccak"
version = "2.0.2"
source = "registry+https://github.com/rust-lang/crates.io-index"
checksum = "2c9d3793400a45f954c52e73d068316d76b6f4e36977e3fcebb13a2721e80237"
dependencies = [
 "crunchy",
]

[[package]]
name = "unicode-ident"
version = "1.0.24"
source = "registry+https://github.com/rust-lang/crates.io-index"
checksum = "e6e4313cd5fcd3dad5cafa179702e2b244f760991f45397d14d4ebf38247da75"
